
Microsoft Visual Studio Solution File, Format Version 12.00
# Visual Studio Version 17
VisualStudioVersion = 17.14.36429.23 d17.14
MinimumVisualStudioVersion = 10.0.40219.1
Project("{8BC9CEB8-8B4A-11D0-8D11-00A0C91BC942}") = "lab-2", "lab-2.vcxproj", "{496B9333-4233-4E7E-AA1F-3962592A1F82}"
EndProject
Global
	GlobalSection(SolutionConfigurationPlatforms) = preSolution
		Debug|x64 = Debug|x64
		Debug|x86 = Debug|x86
		Release|x64 = Release|x64
		Release|x86 = Release|x86
	EndGlobalSection
	GlobalSection(ProjectConfigurationPlatforms) = postSolution
		{496B9333-4233-4E7E-AA1F-3962592A1F82}.Debug|x64.ActiveCfg = Debug|x64
		{496B9333-4233-4E7E-AA1F-3962592A1F82}.Debug|x64.Build.0 = Debug|x64
		{496B9333-4233-4E7E-AA1F-3962592A1F82}.Debug|x86.ActiveCfg = Debug|Win32
		{496B9333-4233-4E7E-AA1F-3962592A1F82}.Debug|x86.Build.0 = Debug|Win32
		{496B9333-4233-4E7E-AA1F-3962592A1F82}.Release|x64.ActiveCfg = Release|x64
		{496B9333-4233-4E7E-AA1F-3962592A1F82}.Release|x64.Build.0 = Release|x64
		{496B9333-4233-4E7E-AA1F-3962592A1F82}.Release|x86.ActiveCfg = Release|Win32
		{496B9333-4233-4E7E-AA1F-3962592A1F82}.Release|x86.Build.0 = Release|Win32
	EndGlobalSection
	GlobalSection(SolutionProperties) = preSolution
		HideSolutionNode = FALSE
	EndGlobalSection
	GlobalSection(ExtensibilityGlobals) = postSolution
		SolutionGuid = {D85F4EBF-DB3E-4CC0-A1CF-FA9CCF15878C}
	EndGlobalSection
EndGlobal
