<?xml version="1.0" encoding="utf-8"?>
<Project ToolsVersion="4.0" xmlns="http://schemas.microsoft.com/developer/msbuild/2003">
  <ItemGroup>
    <Filter Include="Исходные файлы">
      <UniqueIdentifier>{4FC737F1-C7A5-4376-A066-2A32D752A2FF}</UniqueIdentifier>
      <Extensions>cpp;c;cc;cxx;c++;cppm;ixx;def;odl;idl;hpj;bat;asm;asmx</Extensions>
    </Filter>
    <Filter Include="include">
      <UniqueIdentifier>{8bc6db31-3ef2-41d5-a495-c90cd94484cb}</UniqueIdentifier>
    </Filter>
    <Filter Include="src">
      <UniqueIdentifier>{34e42bcd-5309-420b-a989-4216fbd493e5}</UniqueIdentifier>
    </Filter>
  </ItemGroup>
  <ItemGroup>
    <ClCompile Include="multithread.cpp">
      <Filter>Исходные файлы</Filter>
    </ClCompile>
    <ClCompile Include="VectorSumCalculator.cpp">
      <Filter>src</Filter>
    </ClCompile>
    <ClCompile Include="ThreadSafeQueue.cpp">
      <Filter>src</Filter>
    </ClCompile>
    <ClCompile Include="ImageProcessor.cpp">
      <Filter>src</Filter>
    </ClCompile>
    <ClCompile Include="PiCalculator.cpp">
      <Filter>src</Filter>
    </ClCompile>
    <ClCompile Include="ThreadPool.cpp">
      <Filter>src</Filter>
    </ClCompile>
  </ItemGroup>
  <ItemGroup>
    <ClInclude Include="VectorSumCalculator.h">
      <Filter>include</Filter>
    </ClInclude>
    <ClInclude Include="ThreadSafeQueue.h">
      <Filter>include</Filter>
    </ClInclude>
    <ClInclude Include="ImageProcessor.h">
      <Filter>include</Filter>
    </ClInclude>
    <ClInclude Include="PiCalculator.h">
      <Filter>include</Filter>
    </ClInclude>
    <ClInclude Include="ThreadPool.h">
      <Filter>include</Filter>
    </ClInclude>
  </ItemGroup>
</Project>